
Microsoft Visual Studio Solution File, Format Version 12.00
# Visual Studio Version 16
VisualStudioVersion = 16.0.30907.101
MinimumVisualStudioVersion = 10.0.40219.1
Project("{9A19103F-16F7-4668-BE54-9A1E7A4F7556}") = "PeliculasBlazor.Server", "PeliculasBlazor\Server\PeliculasBlazor.Server.csproj", "{3F49D9F8-8CEE-400E-BDB6-C77CB1B02F6E}"
EndProject
Project("{9A19103F-16F7-4668-BE54-9A1E7A4F7556}") = "PeliculasBlazor.Client", "PeliculasBlazor\Client\PeliculasBlazor.Client.csproj", "{9BE7D2B9-2625-44C6-9B14-091A68D02AC1}"
EndProject
Project("{9A19103F-16F7-4668-BE54-9A1E7A4F7556}") = "PeliculasBlazor.Shared", "PeliculasBlazor\Shared\PeliculasBlazor.Shared.csproj", "{21E8208B-395D-4BCF-A65E-51AA043175EE}"
EndProject
Global
	GlobalSection(SolutionConfigurationPlatforms) = preSolution
		Debug|Any CPU = Debug|Any CPU
		Release|Any CPU = Release|Any CPU
	EndGlobalSection
	GlobalSection(ProjectConfigurationPlatforms) = postSolution
		{3F49D9F8-8CEE-400E-BDB6-C77CB1B02F6E}.Debug|Any CPU.ActiveCfg = Debug|Any CPU
		{3F49D9F8-8CEE-400E-BDB6-C77CB1B02F6E}.Debug|Any CPU.Build.0 = Debug|Any CPU
		{3F49D9F8-8CEE-400E-BDB6-C77CB1B02F6E}.Release|Any CPU.ActiveCfg = Release|Any CPU
		{3F49D9F8-8CEE-400E-BDB6-C77CB1B02F6E}.Release|Any CPU.Build.0 = Release|Any CPU
		{9BE7D2B9-2625-44C6-9B14-091A68D02AC1}.Debug|Any CPU.ActiveCfg = Debug|Any CPU
		{9BE7D2B9-2625-44C6-9B14-091A68D02AC1}.Debug|Any CPU.Build.0 = Debug|Any CPU
		{9BE7D2B9-2625-44C6-9B14-091A68D02AC1}.Release|Any CPU.ActiveCfg = Release|Any CPU
		{9BE7D2B9-2625-44C6-9B14-091A68D02AC1}.Release|Any CPU.Build.0 = Release|Any CPU
		{21E8208B-395D-4BCF-A65E-51AA043175EE}.Debug|Any CPU.ActiveCfg = Debug|Any CPU
		{21E8208B-395D-4BCF-A65E-51AA043175EE}.Debug|Any CPU.Build.0 = Debug|Any CPU
		{21E8208B-395D-4BCF-A65E-51AA043175EE}.Release|Any CPU.ActiveCfg = Release|Any CPU
		{21E8208B-395D-4BCF-A65E-51AA043175EE}.Release|Any CPU.Build.0 = Release|Any CPU
	EndGlobalSection
	GlobalSection(SolutionProperties) = preSolution
		HideSolutionNode = FALSE
	EndGlobalSection
	GlobalSection(ExtensibilityGlobals) = postSolution
		SolutionGuid = {1EC4B348-E3D4-414F-A49F-D84643A965AF}
	EndGlobalSection
EndGlobal
